
Microsoft Visual Studio Solution File, Format Version 12.00
# Visual Studio Version 17
VisualStudioVersion = 17.3.32922.545
MinimumVisualStudioVersion = 10.0.40219.1
Project("{2150E333-8FDC-42A3-9474-1A3956D46DE8}") = "Solution Items", "Solution Items", "{6ED74880-40BD-42F4-97B1-B51FE580E5D3}"
	ProjectSection(SolutionItems) = preProject
		.gitattributes = .gitattributes
		.gitignore = .gitignore
		Dockerfile = Dockerfile
		Directory.Build.props = Directory.Build.props
		Directory.Packages.props = Directory.Packages.props
	EndProjectSection
EndProject
Project("{9A19103F-16F7-4668-BE54-9A1E7A4F7556}") = "WoWArmory", "WoWArmory\WoWArmory.csproj", "{5FAA1AF8-6CE2-49DB-BDFF-12617C3FD421}"
EndProject
Project("{FAE04EC0-301F-11D3-BF4B-00C04F79EFBC}") = "WarcraftLogsClient", "WarcraftLogsClient\WarcraftLogsClient.csproj", "{955018E6-575F-4187-AB64-4B498A7DB9A3}"
EndProject
Project("{FAE04EC0-301F-11D3-BF4B-00C04F79EFBC}") = "WoWArmory.Contracts", "WoWArmory.Contracts\WoWArmory.Contracts.csproj", "{DF4D70AF-828A-425A-A0FC-48CE6633B16B}"
EndProject
Global
	GlobalSection(SolutionConfigurationPlatforms) = preSolution
		Debug|Any CPU = Debug|Any CPU
		Release|Any CPU = Release|Any CPU
	EndGlobalSection
	GlobalSection(ProjectConfigurationPlatforms) = postSolution
		{9B3B9104-86FD-4C03-8C09-83FE47B3EF4F}.Debug|Any CPU.ActiveCfg = Debug|Any CPU
		{9B3B9104-86FD-4C03-8C09-83FE47B3EF4F}.Debug|Any CPU.Build.0 = Debug|Any CPU
		{9B3B9104-86FD-4C03-8C09-83FE47B3EF4F}.Release|Any CPU.ActiveCfg = Release|Any CPU
		{9B3B9104-86FD-4C03-8C09-83FE47B3EF4F}.Release|Any CPU.Build.0 = Release|Any CPU
		{6B50561E-E2E6-4B48-95D0-E31D1731C654}.Debug|Any CPU.ActiveCfg = Debug|Any CPU
		{6B50561E-E2E6-4B48-95D0-E31D1731C654}.Debug|Any CPU.Build.0 = Debug|Any CPU
		{6B50561E-E2E6-4B48-95D0-E31D1731C654}.Release|Any CPU.ActiveCfg = Release|Any CPU
		{6B50561E-E2E6-4B48-95D0-E31D1731C654}.Release|Any CPU.Build.0 = Release|Any CPU
		{89136FD6-92F7-4885-9102-CF29349018C8}.Debug|Any CPU.ActiveCfg = Debug|Any CPU
		{89136FD6-92F7-4885-9102-CF29349018C8}.Debug|Any CPU.Build.0 = Debug|Any CPU
		{89136FD6-92F7-4885-9102-CF29349018C8}.Release|Any CPU.ActiveCfg = Release|Any CPU
		{89136FD6-92F7-4885-9102-CF29349018C8}.Release|Any CPU.Build.0 = Release|Any CPU
		{EF482828-65FE-447C-8F30-2F831796FDB1}.Debug|Any CPU.ActiveCfg = Debug|Any CPU
		{EF482828-65FE-447C-8F30-2F831796FDB1}.Debug|Any CPU.Build.0 = Debug|Any CPU
		{EF482828-65FE-447C-8F30-2F831796FDB1}.Release|Any CPU.ActiveCfg = Release|Any CPU
		{EF482828-65FE-447C-8F30-2F831796FDB1}.Release|Any CPU.Build.0 = Release|Any CPU
		{FC2C400A-03DB-4B4C-A385-3AC24F9C6547}.Debug|Any CPU.ActiveCfg = Debug|Any CPU
		{FC2C400A-03DB-4B4C-A385-3AC24F9C6547}.Debug|Any CPU.Build.0 = Debug|Any CPU
		{FC2C400A-03DB-4B4C-A385-3AC24F9C6547}.Release|Any CPU.ActiveCfg = Release|Any CPU
		{FC2C400A-03DB-4B4C-A385-3AC24F9C6547}.Release|Any CPU.Build.0 = Release|Any CPU
		{FC5ED0BC-A568-4570-B4CA-8C8E6EA1B4B5}.Debug|Any CPU.ActiveCfg = Debug|Any CPU
		{FC5ED0BC-A568-4570-B4CA-8C8E6EA1B4B5}.Debug|Any CPU.Build.0 = Debug|Any CPU
		{FC5ED0BC-A568-4570-B4CA-8C8E6EA1B4B5}.Release|Any CPU.ActiveCfg = Release|Any CPU
		{FC5ED0BC-A568-4570-B4CA-8C8E6EA1B4B5}.Release|Any CPU.Build.0 = Release|Any CPU
		{5FAA1AF8-6CE2-49DB-BDFF-12617C3FD421}.Debug|Any CPU.ActiveCfg = Debug|Any CPU
		{5FAA1AF8-6CE2-49DB-BDFF-12617C3FD421}.Debug|Any CPU.Build.0 = Debug|Any CPU
		{5FAA1AF8-6CE2-49DB-BDFF-12617C3FD421}.Release|Any CPU.ActiveCfg = Release|Any CPU
		{5FAA1AF8-6CE2-49DB-BDFF-12617C3FD421}.Release|Any CPU.Build.0 = Release|Any CPU
		{86F3CE14-CA07-4AE2-8C11-6A5DF2475094}.Debug|Any CPU.ActiveCfg = Debug|Any CPU
		{86F3CE14-CA07-4AE2-8C11-6A5DF2475094}.Debug|Any CPU.Build.0 = Debug|Any CPU
		{86F3CE14-CA07-4AE2-8C11-6A5DF2475094}.Release|Any CPU.ActiveCfg = Release|Any CPU
		{86F3CE14-CA07-4AE2-8C11-6A5DF2475094}.Release|Any CPU.Build.0 = Release|Any CPU
		{B74410D6-E7EA-41AA-A26C-25B92B4B1575}.Debug|Any CPU.ActiveCfg = Debug|Any CPU
		{B74410D6-E7EA-41AA-A26C-25B92B4B1575}.Debug|Any CPU.Build.0 = Debug|Any CPU
		{B74410D6-E7EA-41AA-A26C-25B92B4B1575}.Release|Any CPU.ActiveCfg = Release|Any CPU
		{B74410D6-E7EA-41AA-A26C-25B92B4B1575}.Release|Any CPU.Build.0 = Release|Any CPU
		{4C2F1F33-2D6A-47B2-A2BC-1CC2184EFCDD}.Debug|Any CPU.ActiveCfg = Debug|Any CPU
		{4C2F1F33-2D6A-47B2-A2BC-1CC2184EFCDD}.Debug|Any CPU.Build.0 = Debug|Any CPU
		{4C2F1F33-2D6A-47B2-A2BC-1CC2184EFCDD}.Release|Any CPU.ActiveCfg = Release|Any CPU
		{4C2F1F33-2D6A-47B2-A2BC-1CC2184EFCDD}.Release|Any CPU.Build.0 = Release|Any CPU
		{493B4D93-CF07-40EE-A25E-405CE1A92236}.Debug|Any CPU.ActiveCfg = Debug|Any CPU
		{493B4D93-CF07-40EE-A25E-405CE1A92236}.Debug|Any CPU.Build.0 = Debug|Any CPU
		{493B4D93-CF07-40EE-A25E-405CE1A92236}.Release|Any CPU.ActiveCfg = Release|Any CPU
		{493B4D93-CF07-40EE-A25E-405CE1A92236}.Release|Any CPU.Build.0 = Release|Any CPU
		{955018E6-575F-4187-AB64-4B498A7DB9A3}.Debug|Any CPU.ActiveCfg = Debug|Any CPU
		{955018E6-575F-4187-AB64-4B498A7DB9A3}.Debug|Any CPU.Build.0 = Debug|Any CPU
		{955018E6-575F-4187-AB64-4B498A7DB9A3}.Release|Any CPU.ActiveCfg = Release|Any CPU
		{955018E6-575F-4187-AB64-4B498A7DB9A3}.Release|Any CPU.Build.0 = Release|Any CPU
		{5EA26CEB-AB13-48B7-84D4-A6D375931EC5}.Debug|Any CPU.ActiveCfg = Debug|Any CPU
		{5EA26CEB-AB13-48B7-84D4-A6D375931EC5}.Debug|Any CPU.Build.0 = Debug|Any CPU
		{5EA26CEB-AB13-48B7-84D4-A6D375931EC5}.Release|Any CPU.ActiveCfg = Release|Any CPU
		{5EA26CEB-AB13-48B7-84D4-A6D375931EC5}.Release|Any CPU.Build.0 = Release|Any CPU
		{DF4D70AF-828A-425A-A0FC-48CE6633B16B}.Debug|Any CPU.ActiveCfg = Debug|Any CPU
		{DF4D70AF-828A-425A-A0FC-48CE6633B16B}.Debug|Any CPU.Build.0 = Debug|Any CPU
		{DF4D70AF-828A-425A-A0FC-48CE6633B16B}.Release|Any CPU.ActiveCfg = Release|Any CPU
		{DF4D70AF-828A-425A-A0FC-48CE6633B16B}.Release|Any CPU.Build.0 = Release|Any CPU
	EndGlobalSection
	GlobalSection(SolutionProperties) = preSolution
		HideSolutionNode = FALSE
	EndGlobalSection
	GlobalSection(NestedProjects) = preSolution
		{9B3B9104-86FD-4C03-8C09-83FE47B3EF4F} = {32956CC0-DE62-4DB4-98B4-892ED4D87D10}
		{6B50561E-E2E6-4B48-95D0-E31D1731C654} = {525387EE-0C8C-4854-ABE0-0B962398F3E4}
		{89136FD6-92F7-4885-9102-CF29349018C8} = {525387EE-0C8C-4854-ABE0-0B962398F3E4}
		{EF482828-65FE-447C-8F30-2F831796FDB1} = {5ABFC331-2BEA-45B3-AD64-EE4B206DD934}
		{FC2C400A-03DB-4B4C-A385-3AC24F9C6547} = {546EDFA7-1063-43C6-9ECA-31403775E155}
		{FC5ED0BC-A568-4570-B4CA-8C8E6EA1B4B5} = {546EDFA7-1063-43C6-9ECA-31403775E155}
		{5FAA1AF8-6CE2-49DB-BDFF-12617C3FD421} = {3C768396-B325-4D2E-AF05-6D789317F4DC}
		{86F3CE14-CA07-4AE2-8C11-6A5DF2475094} = {3C768396-B325-4D2E-AF05-6D789317F4DC}
		{B74410D6-E7EA-41AA-A26C-25B92B4B1575} = {546EDFA7-1063-43C6-9ECA-31403775E155}
		{4C2F1F33-2D6A-47B2-A2BC-1CC2184EFCDD} = {546EDFA7-1063-43C6-9ECA-31403775E155}
		{493B4D93-CF07-40EE-A25E-405CE1A92236} = {546EDFA7-1063-43C6-9ECA-31403775E155}
		{955018E6-575F-4187-AB64-4B498A7DB9A3} = {3C768396-B325-4D2E-AF05-6D789317F4DC}
		{5EA26CEB-AB13-48B7-84D4-A6D375931EC5} = {5ABFC331-2BEA-45B3-AD64-EE4B206DD934}
		{DF4D70AF-828A-425A-A0FC-48CE6633B16B} = {3C768396-B325-4D2E-AF05-6D789317F4DC}
	EndGlobalSection
	GlobalSection(ExtensibilityGlobals) = postSolution
		SolutionGuid = {C3E2305B-9F01-423D-87BC-995FF6A5668A}
	EndGlobalSection
EndGlobal
