
Microsoft Visual Studio Solution File, Format Version 12.00
# Visual Studio Version 17
VisualStudioVersion = 17.3.32922.545
MinimumVisualStudioVersion = 10.0.40219.1
Project("{2150E333-8FDC-42A3-9474-1A3956D46DE8}") = "Solution Items", "Solution Items", "{6ED74880-40BD-42F4-97B1-B51FE580E5D3}"
	ProjectSection(SolutionItems) = preProject
		.gitattributes = .gitattributes
		.gitignore = .gitignore
		Dockerfile = Dockerfile
		Directory.Build.props = Directory.Build.props
		Directory.Packages.props = Directory.Packages.props
	EndProjectSection
EndProject
Project("{9A19103F-16F7-4668-BE54-9A1E7A4F7556}") = "WoWArmory", "WoWArmory\WoWArmory.csproj", "{5FAA1AF8-6CE2-49DB-BDFF-12617C3FD421}"
EndProject
Project("{FAE04EC0-301F-11D3-BF4B-00C04F79EFBC}") = "WarcraftLogsClient", "WarcraftLogsClient\WarcraftLogsClient.csproj", "{955018E6-575F-4187-AB64-4B498A7DB9A3}"
EndProject
Project("{FAE04EC0-301F-11D3-BF4B-00C04F79EFBC}") = "WoWArmory.Contracts", "WoWArmory.Contracts\WoWArmory.Contracts.csproj", "{DF4D70AF-828A-425A-A0FC-48CE6633B16B}"
EndProject
Global
	GlobalSection(SolutionConfigurationPlatforms) = preSolution
		Debug|Any CPU = Debug|Any CPU
		Release|Any CPU = Release|Any CPU
	EndGlobalSection
	GlobalSection(ProjectConfigurationPlatforms) = postSolution
		{5FAA1AF8-6CE2-49DB-BDFF-12617C3FD421}.Debug|Any CPU.ActiveCfg = Debug|Any CPU
		{5FAA1AF8-6CE2-49DB-BDFF-12617C3FD421}.Debug|Any CPU.Build.0 = Debug|Any CPU
		{5FAA1AF8-6CE2-49DB-BDFF-12617C3FD421}.Release|Any CPU.ActiveCfg = Release|Any CPU
		{5FAA1AF8-6CE2-49DB-BDFF-12617C3FD421}.Release|Any CPU.Build.0 = Release|Any CPU
		{955018E6-575F-4187-AB64-4B498A7DB9A3}.Debug|Any CPU.ActiveCfg = Debug|Any CPU
		{955018E6-575F-4187-AB64-4B498A7DB9A3}.Debug|Any CPU.Build.0 = Debug|Any CPU
		{955018E6-575F-4187-AB64-4B498A7DB9A3}.Release|Any CPU.ActiveCfg = Release|Any CPU
		{955018E6-575F-4187-AB64-4B498A7DB9A3}.Release|Any CPU.Build.0 = Release|Any CPU
		{DF4D70AF-828A-425A-A0FC-48CE6633B16B}.Debug|Any CPU.ActiveCfg = Debug|Any CPU
		{DF4D70AF-828A-425A-A0FC-48CE6633B16B}.Debug|Any CPU.Build.0 = Debug|Any CPU
		{DF4D70AF-828A-425A-A0FC-48CE6633B16B}.Release|Any CPU.ActiveCfg = Release|Any CPU
		{DF4D70AF-828A-425A-A0FC-48CE6633B16B}.Release|Any CPU.Build.0 = Release|Any CPU
	EndGlobalSection
	GlobalSection(SolutionProperties) = preSolution
		HideSolutionNode = FALSE
	EndGlobalSection
	GlobalSection(ExtensibilityGlobals) = postSolution
		SolutionGuid = {C3E2305B-9F01-423D-87BC-995FF6A5668A}
	EndGlobalSection
EndGlobal
